# Code generated by scarb DO NOT EDIT.
version = 1

[[package]]
name = "dojo"
version = "1.1.2"
source = "git+https://github.com/dojoengine/dojo?tag=v1.1.2#4f3373ed4f98e1778022ed6f6502ce89f9d29b58"
dependencies = [
 "dojo_plugin",
]

[[package]]
name = "dojo_cairo_test"
version = "1.0.12"
source = "git+https://github.com/dojoengine/dojo?tag=v1.1.2#4f3373ed4f98e1778022ed6f6502ce89f9d29b58"
dependencies = [
 "dojo",
]

[[package]]
name = "dojo_plugin"
version = "2.9.2"
source = "git+https://github.com/dojoengine/dojo?tag=v1.1.2#4f3373ed4f98e1778022ed6f6502ce89f9d29b58"

[[package]]
name = "origami_random"
version = "1.1.2"
source = "git+https://github.com/dojoengine/origami#4d6a98e4fee4c71c885a1669660a545b979283c7"

[[package]]
name = "starkludo"
version = "0.1.0"
dependencies = [
 "dojo",
 "dojo_cairo_test",
 "origami_random",
]
